
Microsoft Visual Studio Solution File, Format Version 12.00
# Visual Studio Version 16
VisualStudioVersion = 16.0.30804.86
MinimumVisualStudioVersion = 10.0.40219.1
Project("{FAE04EC0-301F-11D3-BF4B-00C04F79EFBC}") = "Task_1", "Task_1.csproj", "{6626A7F7-D594-4013-ACED-6E6AF198099B}"
EndProject
Global
	GlobalSection(SolutionConfigurationPlatforms) = preSolution
		Debug|Any CPU = Debug|Any CPU
		Release|Any CPU = Release|Any CPU
	EndGlobalSection
	GlobalSection(ProjectConfigurationPlatforms) = postSolution
		{6626A7F7-D594-4013-ACED-6E6AF198099B}.Debug|Any CPU.ActiveCfg = Debug|Any CPU
		{6626A7F7-D594-4013-ACED-6E6AF198099B}.Debug|Any CPU.Build.0 = Debug|Any CPU
		{6626A7F7-D594-4013-ACED-6E6AF198099B}.Release|Any CPU.ActiveCfg = Release|Any CPU
		{6626A7F7-D594-4013-ACED-6E6AF198099B}.Release|Any CPU.Build.0 = Release|Any CPU
	EndGlobalSection
	GlobalSection(SolutionProperties) = preSolution
		HideSolutionNode = FALSE
	EndGlobalSection
	GlobalSection(ExtensibilityGlobals) = postSolution
		SolutionGuid = {5B61CB4F-0FFA-4155-828C-199F9B53D0F7}
	EndGlobalSection
EndGlobal
