
Microsoft Visual Studio Solution File, Format Version 12.00
# Visual Studio Version 16
VisualStudioVersion = 16.0.30804.86
MinimumVisualStudioVersion = 10.0.40219.1
Project("{FAE04EC0-301F-11D3-BF4B-00C04F79EFBC}") = "Task_1", "Task_1.csproj", "{22D21D40-3FC7-426E-9618-49AF755B3140}"
EndProject
Global
	GlobalSection(SolutionConfigurationPlatforms) = preSolution
		Debug|Any CPU = Debug|Any CPU
		Release|Any CPU = Release|Any CPU
	EndGlobalSection
	GlobalSection(ProjectConfigurationPlatforms) = postSolution
		{22D21D40-3FC7-426E-9618-49AF755B3140}.Debug|Any CPU.ActiveCfg = Debug|Any CPU
		{22D21D40-3FC7-426E-9618-49AF755B3140}.Debug|Any CPU.Build.0 = Debug|Any CPU
		{22D21D40-3FC7-426E-9618-49AF755B3140}.Release|Any CPU.ActiveCfg = Release|Any CPU
		{22D21D40-3FC7-426E-9618-49AF755B3140}.Release|Any CPU.Build.0 = Release|Any CPU
	EndGlobalSection
	GlobalSection(SolutionProperties) = preSolution
		HideSolutionNode = FALSE
	EndGlobalSection
	GlobalSection(ExtensibilityGlobals) = postSolution
		SolutionGuid = {ADFE7400-8830-4D62-8AF4-CD6503E8CD0B}
	EndGlobalSection
EndGlobal
