
Microsoft Visual Studio Solution File, Format Version 12.00
# Visual Studio Version 16
VisualStudioVersion = 16.0.30611.23
MinimumVisualStudioVersion = 10.0.40219.1
Project("{9A19103F-16F7-4668-BE54-9A1E7A4F7556}") = "Task_2", "Task_2\Task_2.csproj", "{171A5904-5E26-45FD-B73F-CF96AFE04A61}"
EndProject
Project("{FAE04EC0-301F-11D3-BF4B-00C04F79EFBC}") = "Task_3", "Task_3\Task_3.csproj", "{134CB364-6FB8-48DB-84AF-A23048CBBC6F}"
EndProject
Project("{FAE04EC0-301F-11D3-BF4B-00C04F79EFBC}") = "Task_4", "Task_4\Task_4.csproj", "{FF78D8BD-167B-4ACA-AA92-EE30FA8AF34B}"
EndProject
Project("{FAE04EC0-301F-11D3-BF4B-00C04F79EFBC}") = "Task_5", "Task_5\Task_5.csproj", "{A0267FB9-E2B7-4D53-8D9A-6DA52FAE359C}"
EndProject
Project("{FAE04EC0-301F-11D3-BF4B-00C04F79EFBC}") = "Task_6", "Task_6\Task_6.csproj", "{139B3C26-C739-4DB3-BFBD-A2E49119A5C3}"
EndProject
Project("{FAE04EC0-301F-11D3-BF4B-00C04F79EFBC}") = "Task_7", "Task_7\Task_7.csproj", "{FEC0E617-ED36-4C9C-B9A2-E4877361CCAB}"
EndProject
Project("{FAE04EC0-301F-11D3-BF4B-00C04F79EFBC}") = "Task_8", "Task_8\Task_8.csproj", "{AA5CA5D6-6DEC-4B1E-84A9-04AC5E49B8A9}"
EndProject
Project("{FAE04EC0-301F-11D3-BF4B-00C04F79EFBC}") = "Task_9", "Task_9\Task_9.csproj", "{DA7BC818-0B01-49D9-869D-9B2ED7B8AA61}"
EndProject
Project("{FAE04EC0-301F-11D3-BF4B-00C04F79EFBC}") = "Task_10", "Task_10\Task_10.csproj", "{91AE591E-DC9B-42C3-B7E1-A9341C7D305D}"
EndProject
Global
	GlobalSection(SolutionConfigurationPlatforms) = preSolution
		Debug|Any CPU = Debug|Any CPU
		Release|Any CPU = Release|Any CPU
	EndGlobalSection
	GlobalSection(ProjectConfigurationPlatforms) = postSolution
		{171A5904-5E26-45FD-B73F-CF96AFE04A61}.Debug|Any CPU.ActiveCfg = Debug|Any CPU
		{171A5904-5E26-45FD-B73F-CF96AFE04A61}.Debug|Any CPU.Build.0 = Debug|Any CPU
		{171A5904-5E26-45FD-B73F-CF96AFE04A61}.Release|Any CPU.ActiveCfg = Release|Any CPU
		{171A5904-5E26-45FD-B73F-CF96AFE04A61}.Release|Any CPU.Build.0 = Release|Any CPU
		{134CB364-6FB8-48DB-84AF-A23048CBBC6F}.Debug|Any CPU.ActiveCfg = Debug|Any CPU
		{134CB364-6FB8-48DB-84AF-A23048CBBC6F}.Debug|Any CPU.Build.0 = Debug|Any CPU
		{134CB364-6FB8-48DB-84AF-A23048CBBC6F}.Release|Any CPU.ActiveCfg = Release|Any CPU
		{134CB364-6FB8-48DB-84AF-A23048CBBC6F}.Release|Any CPU.Build.0 = Release|Any CPU
		{FF78D8BD-167B-4ACA-AA92-EE30FA8AF34B}.Debug|Any CPU.ActiveCfg = Debug|Any CPU
		{FF78D8BD-167B-4ACA-AA92-EE30FA8AF34B}.Debug|Any CPU.Build.0 = Debug|Any CPU
		{FF78D8BD-167B-4ACA-AA92-EE30FA8AF34B}.Release|Any CPU.ActiveCfg = Release|Any CPU
		{FF78D8BD-167B-4ACA-AA92-EE30FA8AF34B}.Release|Any CPU.Build.0 = Release|Any CPU
		{A0267FB9-E2B7-4D53-8D9A-6DA52FAE359C}.Debug|Any CPU.ActiveCfg = Debug|Any CPU
		{A0267FB9-E2B7-4D53-8D9A-6DA52FAE359C}.Debug|Any CPU.Build.0 = Debug|Any CPU
		{A0267FB9-E2B7-4D53-8D9A-6DA52FAE359C}.Release|Any CPU.ActiveCfg = Release|Any CPU
		{A0267FB9-E2B7-4D53-8D9A-6DA52FAE359C}.Release|Any CPU.Build.0 = Release|Any CPU
		{139B3C26-C739-4DB3-BFBD-A2E49119A5C3}.Debug|Any CPU.ActiveCfg = Debug|Any CPU
		{139B3C26-C739-4DB3-BFBD-A2E49119A5C3}.Debug|Any CPU.Build.0 = Debug|Any CPU
		{139B3C26-C739-4DB3-BFBD-A2E49119A5C3}.Release|Any CPU.ActiveCfg = Release|Any CPU
		{139B3C26-C739-4DB3-BFBD-A2E49119A5C3}.Release|Any CPU.Build.0 = Release|Any CPU
		{FEC0E617-ED36-4C9C-B9A2-E4877361CCAB}.Debug|Any CPU.ActiveCfg = Debug|Any CPU
		{FEC0E617-ED36-4C9C-B9A2-E4877361CCAB}.Debug|Any CPU.Build.0 = Debug|Any CPU
		{FEC0E617-ED36-4C9C-B9A2-E4877361CCAB}.Release|Any CPU.ActiveCfg = Release|Any CPU
		{FEC0E617-ED36-4C9C-B9A2-E4877361CCAB}.Release|Any CPU.Build.0 = Release|Any CPU
		{AA5CA5D6-6DEC-4B1E-84A9-04AC5E49B8A9}.Debug|Any CPU.ActiveCfg = Debug|Any CPU
		{AA5CA5D6-6DEC-4B1E-84A9-04AC5E49B8A9}.Debug|Any CPU.Build.0 = Debug|Any CPU
		{AA5CA5D6-6DEC-4B1E-84A9-04AC5E49B8A9}.Release|Any CPU.ActiveCfg = Release|Any CPU
		{AA5CA5D6-6DEC-4B1E-84A9-04AC5E49B8A9}.Release|Any CPU.Build.0 = Release|Any CPU
		{DA7BC818-0B01-49D9-869D-9B2ED7B8AA61}.Debug|Any CPU.ActiveCfg = Debug|Any CPU
		{DA7BC818-0B01-49D9-869D-9B2ED7B8AA61}.Debug|Any CPU.Build.0 = Debug|Any CPU
		{DA7BC818-0B01-49D9-869D-9B2ED7B8AA61}.Release|Any CPU.ActiveCfg = Release|Any CPU
		{DA7BC818-0B01-49D9-869D-9B2ED7B8AA61}.Release|Any CPU.Build.0 = Release|Any CPU
		{91AE591E-DC9B-42C3-B7E1-A9341C7D305D}.Debug|Any CPU.ActiveCfg = Debug|Any CPU
		{91AE591E-DC9B-42C3-B7E1-A9341C7D305D}.Debug|Any CPU.Build.0 = Debug|Any CPU
		{91AE591E-DC9B-42C3-B7E1-A9341C7D305D}.Release|Any CPU.ActiveCfg = Release|Any CPU
		{91AE591E-DC9B-42C3-B7E1-A9341C7D305D}.Release|Any CPU.Build.0 = Release|Any CPU
	EndGlobalSection
	GlobalSection(SolutionProperties) = preSolution
		HideSolutionNode = FALSE
	EndGlobalSection
	GlobalSection(ExtensibilityGlobals) = postSolution
		SolutionGuid = {ADAEE5B6-DCBE-4E01-8F71-F0D38ECC6CEA}
	EndGlobalSection
EndGlobal
